{
  "requires": true,
  "lockfileVersion": 1,
  "dependencies": {
    "@headlessui/vue": {
      "version": "1.6.0",
      "resolved": "https://registry.npmjs.org/@headlessui/vue/-/vue-1.6.0.tgz",
      "integrity": "sha512-oB3R1G8BDDcTwaLqkr9G2swJlu62IaC6900fzsFglLVKG25jKOwOrlWKwjFNOMzmSQe/vCvoWJENWfeH10D4AA=="
    }
  }
}
